{
  "name": "my-app",
  "version": "0.1.0",
  "lockfileVersion": 2,
  "requires": true,
  "packages": {
    "": {
      "name": "my-app",
      "version": "0.1.0",
      "dependencies": {
        "resync": "file:.."
      }
    },
    "..": {
      "version": "0.1.0",
      "license": "MIT",
      "dependencies": {
        "esbuild": "^0.17.12",
        "node-cookie": "^2.1.2",
        "ws": "^8.13.0"
      },
      "bin": {
        "resync": "bin/resync.js"
      },
      "devDependencies": {
        "uvu": "^0.5.6"
      },
      "engines": {
        "node": ">=16.x"
      }
    },
    "node_modules/resync": {
      "resolved": "..",
      "link": true
    }
  },
  "dependencies": {
    "resync": {
      "version": "file:..",
      "requires": {
        "esbuild": "^0.17.12",
        "node-cookie": "^2.1.2",
        "uvu": "^0.5.6",
        "ws": "^8.13.0"
      }
    }
  }
}
